
Microsoft Visual Studio Solution File, Format Version 12.00
Project("{FAE04EC0-301F-11D3-BF4B-00C04F79EFBC}") = "MyApp", "src\console\MyApp.csproj", "{78B78E84-F8F7-4520-B8B5-4F823E4DD945}"
EndProject
Project("{2150E333-8FDC-42A3-9474-1A3956D46DE8}") = "src", "src", "{6477836C-478E-4C05-98FF-A6ABB77D5617}"
EndProject
Project("{2150E333-8FDC-42A3-9474-1A3956D46DE8}") = "tests", "tests", "{2DB5EE13-654E-4F9B-8DBD-A8C3CBA4FC3B}"
EndProject
Project("{FAE04EC0-301F-11D3-BF4B-00C04F79EFBC}") = "MyApp.Infrastructure", "src\infrastructure\MyApp.Infrastructure.csproj", "{1632F2BE-C830-4C13-A107-47FC97026F68}"
EndProject
Project("{FAE04EC0-301F-11D3-BF4B-00C04F79EFBC}") = "MyApp.Domain", "src\domain\MyApp.Domain.csproj", "{8D50E915-461C-4846-B132-EC90DE18FB9D}"
EndProject
Project("{FAE04EC0-301F-11D3-BF4B-00C04F79EFBC}") = "MyApp.Tests", "tests\MyApp.Tests.csproj", "{2CD54D55-89F3-40FD-9A03-10E15F7F4A84}"
EndProject
Global
	GlobalSection(SolutionConfigurationPlatforms) = preSolution
		Debug|Any CPU = Debug|Any CPU
		Release|Any CPU = Release|Any CPU
	EndGlobalSection
	GlobalSection(ProjectConfigurationPlatforms) = postSolution
		{78B78E84-F8F7-4520-B8B5-4F823E4DD945}.Debug|Any CPU.ActiveCfg = Debug|Any CPU
		{78B78E84-F8F7-4520-B8B5-4F823E4DD945}.Debug|Any CPU.Build.0 = Debug|Any CPU
		{78B78E84-F8F7-4520-B8B5-4F823E4DD945}.Release|Any CPU.ActiveCfg = Release|Any CPU
		{78B78E84-F8F7-4520-B8B5-4F823E4DD945}.Release|Any CPU.Build.0 = Release|Any CPU
		{ED596D4A-19C1-4D03-8AED-69B13098C8EB}.Debug|Any CPU.ActiveCfg = Debug|Any CPU
		{ED596D4A-19C1-4D03-8AED-69B13098C8EB}.Debug|Any CPU.Build.0 = Debug|Any CPU
		{ED596D4A-19C1-4D03-8AED-69B13098C8EB}.Release|Any CPU.ActiveCfg = Release|Any CPU
		{ED596D4A-19C1-4D03-8AED-69B13098C8EB}.Release|Any CPU.Build.0 = Release|Any CPU
		{1632F2BE-C830-4C13-A107-47FC97026F68}.Debug|Any CPU.ActiveCfg = Debug|Any CPU
		{1632F2BE-C830-4C13-A107-47FC97026F68}.Debug|Any CPU.Build.0 = Debug|Any CPU
		{1632F2BE-C830-4C13-A107-47FC97026F68}.Release|Any CPU.ActiveCfg = Release|Any CPU
		{1632F2BE-C830-4C13-A107-47FC97026F68}.Release|Any CPU.Build.0 = Release|Any CPU
		{8D50E915-461C-4846-B132-EC90DE18FB9D}.Debug|Any CPU.ActiveCfg = Debug|Any CPU
		{8D50E915-461C-4846-B132-EC90DE18FB9D}.Debug|Any CPU.Build.0 = Debug|Any CPU
		{8D50E915-461C-4846-B132-EC90DE18FB9D}.Release|Any CPU.ActiveCfg = Release|Any CPU
		{8D50E915-461C-4846-B132-EC90DE18FB9D}.Release|Any CPU.Build.0 = Release|Any CPU
		{2CD54D55-89F3-40FD-9A03-10E15F7F4A84}.Debug|Any CPU.ActiveCfg = Debug|Any CPU
		{2CD54D55-89F3-40FD-9A03-10E15F7F4A84}.Debug|Any CPU.Build.0 = Debug|Any CPU
		{2CD54D55-89F3-40FD-9A03-10E15F7F4A84}.Release|Any CPU.ActiveCfg = Release|Any CPU
		{2CD54D55-89F3-40FD-9A03-10E15F7F4A84}.Release|Any CPU.Build.0 = Release|Any CPU
	EndGlobalSection
	GlobalSection(NestedProjects) = preSolution
		{78B78E84-F8F7-4520-B8B5-4F823E4DD945} = {6477836C-478E-4C05-98FF-A6ABB77D5617}
		{ED596D4A-19C1-4D03-8AED-69B13098C8EB} = {6477836C-478E-4C05-98FF-A6ABB77D5617}
		{1632F2BE-C830-4C13-A107-47FC97026F68} = {6477836C-478E-4C05-98FF-A6ABB77D5617}
		{8D50E915-461C-4846-B132-EC90DE18FB9D} = {6477836C-478E-4C05-98FF-A6ABB77D5617}
		{2CD54D55-89F3-40FD-9A03-10E15F7F4A84} = {2DB5EE13-654E-4F9B-8DBD-A8C3CBA4FC3B}
	EndGlobalSection
EndGlobal
